{
  "name": "QuestSystemCommision",
  "lockfileVersion": 2,
  "requires": true,
  "packages": {
    "": {
      "dependencies": {
        "@quenty/blend": "^6.7.0",
        "@quenty/datastore": "^7.5.0",
        "@quenty/loader": "^6.0.1",
        "@quenty/servicebag": "^6.4.0"
      }
    },
    "node_modules/@quenty/acceltween": {
      "version": "2.2.1",
      "resolved": "https://registry.npmjs.org/@quenty/acceltween/-/acceltween-2.2.1.tgz",
      "integrity": "sha512-6D9ga9q5XQvx05sPppooHnWuhj9nEp4dWcVPE5bST3iqFi4sDSfCg5Ya00Yvuv+69yu7c7uK08f7Z8yksYbr9A==",
      "funding": {
        "type": "patreon",
        "url": "https://www.patreon.com/quenty"
      }
    },
    "node_modules/@quenty/baseobject": {
      "version": "6.0.1",
      "resolved": "https://registry.npmjs.org/@quenty/baseobject/-/baseobject-6.0.1.tgz",
      "integrity": "sha512-tFI/A830WC/hBSkj9QsFZoKSyDmNQIRFrz9QihEzBGqYNGzyARcchKrUekdMhD1IvyC9CUfP6NiODHvhjRSMsg==",
      "dependencies": {
        "@quenty/loader": "^6.0.1",
        "@quenty/maid": "^2.4.0"
      },
      "funding": {
        "type": "patreon",
        "url": "https://www.patreon.com/quenty"
      }
    },
    "node_modules/@quenty/bindtocloseservice": {
      "version": "2.1.1",
      "resolved": "https://registry.npmjs.org/@quenty/bindtocloseservice/-/bindtocloseservice-2.1.1.tgz",
      "integrity": "sha512-AXi05FAlWD37u9pZJ5TOXXXDl/VM3ZBUfM048aizgVKxxsXyWvPkl6wTUuYHQYVfVpFxeUQ8bxBWV/I0PtyfDw==",
      "dependencies": {
        "@quenty/loader": "^6.0.1",
        "@quenty/promise": "^6.0.1",
        "@quenty/symbol": "^2.1.0"
      },
      "funding": {
        "type": "patreon",
        "url": "https://www.patreon.com/quenty"
      }
    },
    "node_modules/@quenty/blend": {
      "version": "6.7.0",
      "resolved": "https://registry.npmjs.org/@quenty/blend/-/blend-6.7.0.tgz",
      "integrity": "sha512-7Pi7LAgWGV/JKDMNksGigXhJp+FhEaHAEp5+VFi5KN5Du/IeWrSGgtOzY9fk08Oa2BBbi5PqrwpjL5A/x7qwjQ==",
      "dependencies": {
        "@quenty/acceltween": "^2.2.1",
        "@quenty/brio": "^8.4.0",
        "@quenty/instanceutils": "^7.5.0",
        "@quenty/loader": "^6.0.1",
        "@quenty/maid": "^2.4.0",
        "@quenty/promise": "^6.0.1",
        "@quenty/rx": "^7.4.0",
        "@quenty/signal": "^2.3.0",
        "@quenty/spring": "^6.0.1",
        "@quenty/steputils": "^3.2.0",
        "@quenty/string": "^3.0.0",
        "@quenty/valuebaseutils": "^7.5.0",
        "@quenty/valueobject": "^7.4.0"
      },
      "funding": {
        "type": "patreon",
        "url": "https://www.patreon.com/quenty"
      }
    },
    "node_modules/@quenty/brio": {
      "version": "8.4.0",
      "resolved": "https://registry.npmjs.org/@quenty/brio/-/brio-8.4.0.tgz",
      "integrity": "sha512-kSigze/KEyMC97hn/7jGm7sp/o5DuK6XZ4hNz9vbvwu7Pw6GaX8TwcFZV+AeldYEuS26eaH2V7/TBI0jMRKxTQ==",
      "dependencies": {
        "@quenty/loader": "^6.0.1",
        "@quenty/maid": "^2.4.0",
        "@quenty/rx": "^7.4.0"
      },
      "funding": {
        "type": "patreon",
        "url": "https://www.patreon.com/quenty"
      }
    },
    "node_modules/@quenty/cancellabledelay": {
      "version": "3.3.0",
      "resolved": "https://registry.npmjs.org/@quenty/cancellabledelay/-/cancellabledelay-3.3.0.tgz",
      "integrity": "sha512-6FE3gEkahKqd58Ozwwo3UgbIt3YW3hYPXO9wQ5wWdJE9htgOfmBGvBsaODfYxpcB5dlhuKZhf1OOwSzCsRMD7g==",
      "funding": {
        "type": "patreon",
        "url": "https://www.patreon.com/quenty"
      }
    },
    "node_modules/@quenty/canceltoken": {
      "version": "6.0.1",
      "resolved": "https://registry.npmjs.org/@quenty/canceltoken/-/canceltoken-6.0.1.tgz",
      "integrity": "sha512-uIXZwI4y6es3thMME6bGxp6cHbOdVhzEWA494eEsIvaGTq07CBbVHnAJfHyic2ThsK1y3JZWJYpHCfD9SgJVgQ==",
      "dependencies": {
        "@quenty/loader": "^6.0.1",
        "@quenty/promise": "^6.0.1",
        "@quenty/signal": "^2.3.0"
      },
      "funding": {
        "type": "patreon",
        "url": "https://www.patreon.com/quenty"
      }
    },
    "node_modules/@quenty/datastore": {
      "version": "7.5.0",
      "resolved": "https://registry.npmjs.org/@quenty/datastore/-/datastore-7.5.0.tgz",
      "integrity": "sha512-BVJjXesjYhXQETOHhYq1dTXgcFqHfkUGqBkxij7WBM5OpWzLwHAzS6LvpuRizTF2Y8MiPzZ/EUtbfAq70aT/tg==",
      "dependencies": {
        "@quenty/baseobject": "^6.0.1",
        "@quenty/bindtocloseservice": "^2.1.1",
        "@quenty/loader": "^6.0.1",
        "@quenty/maid": "^2.4.0",
        "@quenty/promise": "^6.0.1",
        "@quenty/signal": "^2.3.0",
        "@quenty/symbol": "^2.1.0",
        "@quenty/table": "^3.1.0"
      },
      "funding": {
        "type": "patreon",
        "url": "https://www.patreon.com/quenty"
      }
    },
    "node_modules/@quenty/deferred": {
      "version": "2.1.0",
      "resolved": "https://registry.npmjs.org/@quenty/deferred/-/deferred-2.1.0.tgz",
      "integrity": "sha512-8EAdnGtdCyDufQ1cA2Nlw6jtU+MS8PeiR4401tddJfOsZmP7SPq/yZ01r67Z7QEiQ1S/EBAHQE9kICkhwapVwA==",
      "funding": {
        "type": "patreon",
        "url": "https://www.patreon.com/quenty"
      }
    },
    "node_modules/@quenty/instanceutils": {
      "version": "7.5.0",
      "resolved": "https://registry.npmjs.org/@quenty/instanceutils/-/instanceutils-7.5.0.tgz",
      "integrity": "sha512-5gdcG9mg42g24P/Yv6eCdxaT8Fp9AhKPMK8NtimzpuAEGwnZBbNr+IukzVN8mr99lVH67vQfgYqkbP7m991ZLA==",
      "dependencies": {
        "@quenty/brio": "^8.4.0",
        "@quenty/loader": "^6.0.1",
        "@quenty/maid": "^2.4.0",
        "@quenty/rx": "^7.4.0",
        "@quenty/symbol": "^2.1.0"
      },
      "funding": {
        "type": "patreon",
        "url": "https://www.patreon.com/quenty"
      }
    },
    "node_modules/@quenty/loader": {
      "version": "6.0.1",
      "resolved": "https://registry.npmjs.org/@quenty/loader/-/loader-6.0.1.tgz",
      "integrity": "sha512-p4b+X/wfagqWewf50ujF2O6lVhGAReZGfmEIJeyq7vbNHsZc5+yIuok0bcT8KSySx6oivs6b6iMqFmuV7wmwKw==",
      "funding": {
        "type": "patreon",
        "url": "https://www.patreon.com/quenty"
      }
    },
    "node_modules/@quenty/maid": {
      "version": "2.4.0",
      "resolved": "https://registry.npmjs.org/@quenty/maid/-/maid-2.4.0.tgz",
      "integrity": "sha512-b8DsrMx0G19K6vknAK6OdIwTwVQnpZdiNU8wefoYb1SUS+GwxKiIEkHy1YB0a8GYuwgFZkKuFqkbD667C7tuXg==",
      "funding": {
        "type": "patreon",
        "url": "https://www.patreon.com/quenty"
      }
    },
    "node_modules/@quenty/promise": {
      "version": "6.0.1",
      "resolved": "https://registry.npmjs.org/@quenty/promise/-/promise-6.0.1.tgz",
      "integrity": "sha512-awOCWVGTT36fV9Q4ZnJAwx2uzRIixH0AlxppvY5irqtGY/44EC7SKiU03jS+4AtyKuoifFzXeFlRi9z5XwwNfg==",
      "dependencies": {
        "@quenty/deferred": "^2.1.0",
        "@quenty/loader": "^6.0.1",
        "@quenty/maid": "^2.4.0"
      },
      "funding": {
        "type": "patreon",
        "url": "https://www.patreon.com/quenty"
      }
    },
    "node_modules/@quenty/rx": {
      "version": "7.4.0",
      "resolved": "https://registry.npmjs.org/@quenty/rx/-/rx-7.4.0.tgz",
      "integrity": "sha512-EbUc5GCbe0BG4iC5gjZPqJw9LmrURBeg9mHjY2ZiDYsAYeEfeo5xUjf0gjxpgtKaGGZvtbmSpWKQ7ZfmnFqvZg==",
      "dependencies": {
        "@quenty/cancellabledelay": "^3.3.0",
        "@quenty/canceltoken": "^6.0.1",
        "@quenty/loader": "^6.0.1",
        "@quenty/maid": "^2.4.0",
        "@quenty/promise": "^6.0.1",
        "@quenty/signal": "^2.3.0",
        "@quenty/symbol": "^2.1.0",
        "@quenty/table": "^3.1.0",
        "@quenty/throttle": "^6.0.1"
      },
      "funding": {
        "type": "patreon",
        "url": "https://www.patreon.com/quenty"
      }
    },
    "node_modules/@quenty/servicebag": {
      "version": "6.4.0",
      "resolved": "https://registry.npmjs.org/@quenty/servicebag/-/servicebag-6.4.0.tgz",
      "integrity": "sha512-YS/XJ/831JSWs6S0w/h5QXDEv02fTY5wauZqljP0TMTLVkmTBaT1XtCS9coFOHUfAk/pa8NVPtax6irAfwUvaQ==",
      "dependencies": {
        "@quenty/baseobject": "^6.0.1",
        "@quenty/loader": "^6.0.1",
        "@quenty/signal": "^2.3.0"
      },
      "funding": {
        "type": "patreon",
        "url": "https://www.patreon.com/quenty"
      }
    },
    "node_modules/@quenty/signal": {
      "version": "2.3.0",
      "resolved": "https://registry.npmjs.org/@quenty/signal/-/signal-2.3.0.tgz",
      "integrity": "sha512-WBAr9ix3UpCRKX4GOejW14+OGMgoQKeBBdraQlP6NBSqOwGCweVNtpYZQEPgjIvImLmUtqNELMtLwYeYYmxmTA==",
      "funding": {
        "type": "patreon",
        "url": "https://www.patreon.com/quenty"
      }
    },
    "node_modules/@quenty/spring": {
      "version": "6.0.1",
      "resolved": "https://registry.npmjs.org/@quenty/spring/-/spring-6.0.1.tgz",
      "integrity": "sha512-4rr1tnDbyiJIvIJp+yzabJP/QCiN6ObLEgT71HaJz41FvhAY+doNBX9i9M8IPZr6gC95rlvl1KIg3V/DvF7qag==",
      "dependencies": {
        "@quenty/loader": "^6.0.1"
      },
      "funding": {
        "type": "patreon",
        "url": "https://www.patreon.com/quenty"
      }
    },
    "node_modules/@quenty/steputils": {
      "version": "3.2.0",
      "resolved": "https://registry.npmjs.org/@quenty/steputils/-/steputils-3.2.0.tgz",
      "integrity": "sha512-HtorpJP63CRoNutfXMIEY5+rA1s0m/fKYWcmRVuqxVj7vhPPxSCL1zsV4sZTZVFHIcVj7sfeeGx7GwvYpT5siQ==",
      "funding": {
        "type": "patreon",
        "url": "https://www.patreon.com/quenty"
      }
    },
    "node_modules/@quenty/string": {
      "version": "3.0.0",
      "resolved": "https://registry.npmjs.org/@quenty/string/-/string-3.0.0.tgz",
      "integrity": "sha512-apHHqRMdn+mOzPmXEWPJqraXajW3NoZUmSnllWBwA3+jNiYHJb6ZdlrIMKpiOU7Ej3W557xUWyQLZY+M9omQPQ==",
      "funding": {
        "type": "patreon",
        "url": "https://www.patreon.com/quenty"
      }
    },
    "node_modules/@quenty/symbol": {
      "version": "2.1.0",
      "resolved": "https://registry.npmjs.org/@quenty/symbol/-/symbol-2.1.0.tgz",
      "integrity": "sha512-ZoMfRTMvvPJhx+/XZQ65EGMo4NhnyznRMLIaTTtFFCmlxHFzumhSo5UkM442LhsNwTJuKG/XmMu92HwGmdBdhw==",
      "funding": {
        "type": "patreon",
        "url": "https://www.patreon.com/quenty"
      }
    },
    "node_modules/@quenty/table": {
      "version": "3.1.0",
      "resolved": "https://registry.npmjs.org/@quenty/table/-/table-3.1.0.tgz",
      "integrity": "sha512-YiyJki32ur2cUBMJ18B/p7MEBEgFXy5Q3ugANZK+Is54HltN6KZP5IGSqELScX30hMkOFYpeFVba93M58cwnPw==",
      "funding": {
        "type": "patreon",
        "url": "https://www.patreon.com/quenty"
      }
    },
    "node_modules/@quenty/throttle": {
      "version": "6.0.1",
      "resolved": "https://registry.npmjs.org/@quenty/throttle/-/throttle-6.0.1.tgz",
      "integrity": "sha512-hSvRKzf0quFC+kgfQAa+PiPErSh/W6KK3lOXkQRQvbhV4NYkmc+w6M5Mem0JURAiUhkPm1V+aNyxKxTOdb2sQQ==",
      "dependencies": {
        "@quenty/loader": "^6.0.1"
      },
      "funding": {
        "type": "patreon",
        "url": "https://www.patreon.com/quenty"
      }
    },
    "node_modules/@quenty/valuebaseutils": {
      "version": "7.5.0",
      "resolved": "https://registry.npmjs.org/@quenty/valuebaseutils/-/valuebaseutils-7.5.0.tgz",
      "integrity": "sha512-8AWKLc610bh6QMqYDLFnTTvdj/X4hK2Tuaier7T49UAVkQJmLbzwc2LKjoGMGTtiFSB01Y5RglXn5QVczt9bOw==",
      "dependencies": {
        "@quenty/brio": "^8.4.0",
        "@quenty/instanceutils": "^7.5.0",
        "@quenty/loader": "^6.0.1",
        "@quenty/promise": "^6.0.1"
      },
      "funding": {
        "type": "patreon",
        "url": "https://www.patreon.com/quenty"
      }
    },
    "node_modules/@quenty/valueobject": {
      "version": "7.4.0",
      "resolved": "https://registry.npmjs.org/@quenty/valueobject/-/valueobject-7.4.0.tgz",
      "integrity": "sha512-ogv4DHJeq7SLdhcOmtg8x04xZN5tl4y4HGdVrkcxldhPlny1rATiOmJOmPwuHVT0v4j7fO9vTLS6lctp41on5w==",
      "dependencies": {
        "@quenty/brio": "^8.4.0",
        "@quenty/loader": "^6.0.1",
        "@quenty/maid": "^2.4.0",
        "@quenty/rx": "^7.4.0",
        "@quenty/signal": "^2.3.0"
      },
      "funding": {
        "type": "patreon",
        "url": "https://www.patreon.com/quenty"
      }
    }
  },
  "dependencies": {
    "@quenty/acceltween": {
      "version": "2.2.1",
      "resolved": "https://registry.npmjs.org/@quenty/acceltween/-/acceltween-2.2.1.tgz",
      "integrity": "sha512-6D9ga9q5XQvx05sPppooHnWuhj9nEp4dWcVPE5bST3iqFi4sDSfCg5Ya00Yvuv+69yu7c7uK08f7Z8yksYbr9A=="
    },
    "@quenty/baseobject": {
      "version": "6.0.1",
      "resolved": "https://registry.npmjs.org/@quenty/baseobject/-/baseobject-6.0.1.tgz",
      "integrity": "sha512-tFI/A830WC/hBSkj9QsFZoKSyDmNQIRFrz9QihEzBGqYNGzyARcchKrUekdMhD1IvyC9CUfP6NiODHvhjRSMsg==",
      "requires": {
        "@quenty/loader": "^6.0.1",
        "@quenty/maid": "^2.4.0"
      }
    },
    "@quenty/bindtocloseservice": {
      "version": "2.1.1",
      "resolved": "https://registry.npmjs.org/@quenty/bindtocloseservice/-/bindtocloseservice-2.1.1.tgz",
      "integrity": "sha512-AXi05FAlWD37u9pZJ5TOXXXDl/VM3ZBUfM048aizgVKxxsXyWvPkl6wTUuYHQYVfVpFxeUQ8bxBWV/I0PtyfDw==",
      "requires": {
        "@quenty/loader": "^6.0.1",
        "@quenty/promise": "^6.0.1",
        "@quenty/symbol": "^2.1.0"
      }
    },
    "@quenty/blend": {
      "version": "6.7.0",
      "resolved": "https://registry.npmjs.org/@quenty/blend/-/blend-6.7.0.tgz",
      "integrity": "sha512-7Pi7LAgWGV/JKDMNksGigXhJp+FhEaHAEp5+VFi5KN5Du/IeWrSGgtOzY9fk08Oa2BBbi5PqrwpjL5A/x7qwjQ==",
      "requires": {
        "@quenty/acceltween": "^2.2.1",
        "@quenty/brio": "^8.4.0",
        "@quenty/instanceutils": "^7.5.0",
        "@quenty/loader": "^6.0.1",
        "@quenty/maid": "^2.4.0",
        "@quenty/promise": "^6.0.1",
        "@quenty/rx": "^7.4.0",
        "@quenty/signal": "^2.3.0",
        "@quenty/spring": "^6.0.1",
        "@quenty/steputils": "^3.2.0",
        "@quenty/string": "^3.0.0",
        "@quenty/valuebaseutils": "^7.5.0",
        "@quenty/valueobject": "^7.4.0"
      }
    },
    "@quenty/brio": {
      "version": "8.4.0",
      "resolved": "https://registry.npmjs.org/@quenty/brio/-/brio-8.4.0.tgz",
      "integrity": "sha512-kSigze/KEyMC97hn/7jGm7sp/o5DuK6XZ4hNz9vbvwu7Pw6GaX8TwcFZV+AeldYEuS26eaH2V7/TBI0jMRKxTQ==",
      "requires": {
        "@quenty/loader": "^6.0.1",
        "@quenty/maid": "^2.4.0",
        "@quenty/rx": "^7.4.0"
      }
    },
    "@quenty/cancellabledelay": {
      "version": "3.3.0",
      "resolved": "https://registry.npmjs.org/@quenty/cancellabledelay/-/cancellabledelay-3.3.0.tgz",
      "integrity": "sha512-6FE3gEkahKqd58Ozwwo3UgbIt3YW3hYPXO9wQ5wWdJE9htgOfmBGvBsaODfYxpcB5dlhuKZhf1OOwSzCsRMD7g=="
    },
    "@quenty/canceltoken": {
      "version": "6.0.1",
      "resolved": "https://registry.npmjs.org/@quenty/canceltoken/-/canceltoken-6.0.1.tgz",
      "integrity": "sha512-uIXZwI4y6es3thMME6bGxp6cHbOdVhzEWA494eEsIvaGTq07CBbVHnAJfHyic2ThsK1y3JZWJYpHCfD9SgJVgQ==",
      "requires": {
        "@quenty/loader": "^6.0.1",
        "@quenty/promise": "^6.0.1",
        "@quenty/signal": "^2.3.0"
      }
    },
    "@quenty/datastore": {
      "version": "7.5.0",
      "resolved": "https://registry.npmjs.org/@quenty/datastore/-/datastore-7.5.0.tgz",
      "integrity": "sha512-BVJjXesjYhXQETOHhYq1dTXgcFqHfkUGqBkxij7WBM5OpWzLwHAzS6LvpuRizTF2Y8MiPzZ/EUtbfAq70aT/tg==",
      "requires": {
        "@quenty/baseobject": "^6.0.1",
        "@quenty/bindtocloseservice": "^2.1.1",
        "@quenty/loader": "^6.0.1",
        "@quenty/maid": "^2.4.0",
        "@quenty/promise": "^6.0.1",
        "@quenty/signal": "^2.3.0",
        "@quenty/symbol": "^2.1.0",
        "@quenty/table": "^3.1.0"
      }
    },
    "@quenty/deferred": {
      "version": "2.1.0",
      "resolved": "https://registry.npmjs.org/@quenty/deferred/-/deferred-2.1.0.tgz",
      "integrity": "sha512-8EAdnGtdCyDufQ1cA2Nlw6jtU+MS8PeiR4401tddJfOsZmP7SPq/yZ01r67Z7QEiQ1S/EBAHQE9kICkhwapVwA=="
    },
    "@quenty/instanceutils": {
      "version": "7.5.0",
      "resolved": "https://registry.npmjs.org/@quenty/instanceutils/-/instanceutils-7.5.0.tgz",
      "integrity": "sha512-5gdcG9mg42g24P/Yv6eCdxaT8Fp9AhKPMK8NtimzpuAEGwnZBbNr+IukzVN8mr99lVH67vQfgYqkbP7m991ZLA==",
      "requires": {
        "@quenty/brio": "^8.4.0",
        "@quenty/loader": "^6.0.1",
        "@quenty/maid": "^2.4.0",
        "@quenty/rx": "^7.4.0",
        "@quenty/symbol": "^2.1.0"
      }
    },
    "@quenty/loader": {
      "version": "6.0.1",
      "resolved": "https://registry.npmjs.org/@quenty/loader/-/loader-6.0.1.tgz",
      "integrity": "sha512-p4b+X/wfagqWewf50ujF2O6lVhGAReZGfmEIJeyq7vbNHsZc5+yIuok0bcT8KSySx6oivs6b6iMqFmuV7wmwKw=="
    },
    "@quenty/maid": {
      "version": "2.4.0",
      "resolved": "https://registry.npmjs.org/@quenty/maid/-/maid-2.4.0.tgz",
      "integrity": "sha512-b8DsrMx0G19K6vknAK6OdIwTwVQnpZdiNU8wefoYb1SUS+GwxKiIEkHy1YB0a8GYuwgFZkKuFqkbD667C7tuXg=="
    },
    "@quenty/promise": {
      "version": "6.0.1",
      "resolved": "https://registry.npmjs.org/@quenty/promise/-/promise-6.0.1.tgz",
      "integrity": "sha512-awOCWVGTT36fV9Q4ZnJAwx2uzRIixH0AlxppvY5irqtGY/44EC7SKiU03jS+4AtyKuoifFzXeFlRi9z5XwwNfg==",
      "requires": {
        "@quenty/deferred": "^2.1.0",
        "@quenty/loader": "^6.0.1",
        "@quenty/maid": "^2.4.0"
      }
    },
    "@quenty/rx": {
      "version": "7.4.0",
      "resolved": "https://registry.npmjs.org/@quenty/rx/-/rx-7.4.0.tgz",
      "integrity": "sha512-EbUc5GCbe0BG4iC5gjZPqJw9LmrURBeg9mHjY2ZiDYsAYeEfeo5xUjf0gjxpgtKaGGZvtbmSpWKQ7ZfmnFqvZg==",
      "requires": {
        "@quenty/cancellabledelay": "^3.3.0",
        "@quenty/canceltoken": "^6.0.1",
        "@quenty/loader": "^6.0.1",
        "@quenty/maid": "^2.4.0",
        "@quenty/promise": "^6.0.1",
        "@quenty/signal": "^2.3.0",
        "@quenty/symbol": "^2.1.0",
        "@quenty/table": "^3.1.0",
        "@quenty/throttle": "^6.0.1"
      }
    },
    "@quenty/servicebag": {
      "version": "6.4.0",
      "resolved": "https://registry.npmjs.org/@quenty/servicebag/-/servicebag-6.4.0.tgz",
      "integrity": "sha512-YS/XJ/831JSWs6S0w/h5QXDEv02fTY5wauZqljP0TMTLVkmTBaT1XtCS9coFOHUfAk/pa8NVPtax6irAfwUvaQ==",
      "requires": {
        "@quenty/baseobject": "^6.0.1",
        "@quenty/loader": "^6.0.1",
        "@quenty/signal": "^2.3.0"
      }
    },
    "@quenty/signal": {
      "version": "2.3.0",
      "resolved": "https://registry.npmjs.org/@quenty/signal/-/signal-2.3.0.tgz",
      "integrity": "sha512-WBAr9ix3UpCRKX4GOejW14+OGMgoQKeBBdraQlP6NBSqOwGCweVNtpYZQEPgjIvImLmUtqNELMtLwYeYYmxmTA=="
    },
    "@quenty/spring": {
      "version": "6.0.1",
      "resolved": "https://registry.npmjs.org/@quenty/spring/-/spring-6.0.1.tgz",
      "integrity": "sha512-4rr1tnDbyiJIvIJp+yzabJP/QCiN6ObLEgT71HaJz41FvhAY+doNBX9i9M8IPZr6gC95rlvl1KIg3V/DvF7qag==",
      "requires": {
        "@quenty/loader": "^6.0.1"
      }
    },
    "@quenty/steputils": {
      "version": "3.2.0",
      "resolved": "https://registry.npmjs.org/@quenty/steputils/-/steputils-3.2.0.tgz",
      "integrity": "sha512-HtorpJP63CRoNutfXMIEY5+rA1s0m/fKYWcmRVuqxVj7vhPPxSCL1zsV4sZTZVFHIcVj7sfeeGx7GwvYpT5siQ=="
    },
    "@quenty/string": {
      "version": "3.0.0",
      "resolved": "https://registry.npmjs.org/@quenty/string/-/string-3.0.0.tgz",
      "integrity": "sha512-apHHqRMdn+mOzPmXEWPJqraXajW3NoZUmSnllWBwA3+jNiYHJb6ZdlrIMKpiOU7Ej3W557xUWyQLZY+M9omQPQ=="
    },
    "@quenty/symbol": {
      "version": "2.1.0",
      "resolved": "https://registry.npmjs.org/@quenty/symbol/-/symbol-2.1.0.tgz",
      "integrity": "sha512-ZoMfRTMvvPJhx+/XZQ65EGMo4NhnyznRMLIaTTtFFCmlxHFzumhSo5UkM442LhsNwTJuKG/XmMu92HwGmdBdhw=="
    },
    "@quenty/table": {
      "version": "3.1.0",
      "resolved": "https://registry.npmjs.org/@quenty/table/-/table-3.1.0.tgz",
      "integrity": "sha512-YiyJki32ur2cUBMJ18B/p7MEBEgFXy5Q3ugANZK+Is54HltN6KZP5IGSqELScX30hMkOFYpeFVba93M58cwnPw=="
    },
    "@quenty/throttle": {
      "version": "6.0.1",
      "resolved": "https://registry.npmjs.org/@quenty/throttle/-/throttle-6.0.1.tgz",
      "integrity": "sha512-hSvRKzf0quFC+kgfQAa+PiPErSh/W6KK3lOXkQRQvbhV4NYkmc+w6M5Mem0JURAiUhkPm1V+aNyxKxTOdb2sQQ==",
      "requires": {
        "@quenty/loader": "^6.0.1"
      }
    },
    "@quenty/valuebaseutils": {
      "version": "7.5.0",
      "resolved": "https://registry.npmjs.org/@quenty/valuebaseutils/-/valuebaseutils-7.5.0.tgz",
      "integrity": "sha512-8AWKLc610bh6QMqYDLFnTTvdj/X4hK2Tuaier7T49UAVkQJmLbzwc2LKjoGMGTtiFSB01Y5RglXn5QVczt9bOw==",
      "requires": {
        "@quenty/brio": "^8.4.0",
        "@quenty/instanceutils": "^7.5.0",
        "@quenty/loader": "^6.0.1",
        "@quenty/promise": "^6.0.1"
      }
    },
    "@quenty/valueobject": {
      "version": "7.4.0",
      "resolved": "https://registry.npmjs.org/@quenty/valueobject/-/valueobject-7.4.0.tgz",
      "integrity": "sha512-ogv4DHJeq7SLdhcOmtg8x04xZN5tl4y4HGdVrkcxldhPlny1rATiOmJOmPwuHVT0v4j7fO9vTLS6lctp41on5w==",
      "requires": {
        "@quenty/brio": "^8.4.0",
        "@quenty/loader": "^6.0.1",
        "@quenty/maid": "^2.4.0",
        "@quenty/rx": "^7.4.0",
        "@quenty/signal": "^2.3.0"
      }
    }
  }
}
